// !$*UTF8*$!
{
	archiveVersion = 1;
	classes = {
	};
	objectVersion = 51;
	objects = {

/* Begin PBXBuildFile section */
		116D44510D4BEA55C4A62AEC /* libPods-Flix.a in Frameworks */ = {isa = PBXBuildFile; fileRef = 237F3557DB6DBB2E1C871C41 /* libPods-Flix.a */; };
		266B6965C6FE56C04E8B2E53 /* libPods-FlixTests.a in Frameworks */ = {isa = PBXBuildFile; fileRef = F477C779F9FC7DBD770F3081 /* libPods-FlixTests.a */; };
		6D0E6F0023EF687D00CDDCF4 /* AppDelegate.swift in Sources */ = {isa = PBXBuildFile; fileRef = 6D0E6EFF23EF687D00CDDCF4 /* AppDelegate.swift */; };
		6D0E6F0223EF687D00CDDCF4 /* SceneDelegate.swift in Sources */ = {isa = PBXBuildFile; fileRef = 6D0E6F0123EF687D00CDDCF4 /* SceneDelegate.swift */; };
		6D0E6F0723EF687D00CDDCF4 /* Main.storyboard in Resources */ = {isa = PBXBuildFile; fileRef = 6D0E6F0523EF687D00CDDCF4 /* Main.storyboard */; };
		6D0E6F0923EF688100CDDCF4 /* Assets.xcassets in Resources */ = {isa = PBXBuildFile; fileRef = 6D0E6F0823EF688100CDDCF4 /* Assets.xcassets */; };
		6D0E6F0C23EF688100CDDCF4 /* LaunchScreen.storyboard in Resources */ = {isa = PBXBuildFile; fileRef = 6D0E6F0A23EF688100CDDCF4 /* LaunchScreen.storyboard */; };
		6D0E6F1723EF688100CDDCF4 /* FlixTests.swift in Sources */ = {isa = PBXBuildFile; fileRef = 6D0E6F1623EF688100CDDCF4 /* FlixTests.swift */; };
		6D0E6F2223EF688100CDDCF4 /* FlixUITests.swift in Sources */ = {isa = PBXBuildFile; fileRef = 6D0E6F2123EF688100CDDCF4 /* FlixUITests.swift */; };
		6D0E6F3023EF6C0800CDDCF4 /* MoviesViewController.swift in Sources */ = {isa = PBXBuildFile; fileRef = 6D0E6F2F23EF6C0800CDDCF4 /* MoviesViewController.swift */; };
		6D0E6F3223EF7A1400CDDCF4 /* MovieCell.swift in Sources */ = {isa = PBXBuildFile; fileRef = 6D0E6F3123EF7A1400CDDCF4 /* MovieCell.swift */; };
		6DBF71EC24034BAA00337655 /* TrailerViewController.swift in Sources */ = {isa = PBXBuildFile; fileRef = 6DBF71EB24034BAA00337655 /* TrailerViewController.swift */; };
		6DCA1B0B2401043D00025692 /* MoviesDetailsViewController.swift in Sources */ = {isa = PBXBuildFile; fileRef = 6DCA1B0A2401043D00025692 /* MoviesDetailsViewController.swift */; };
		6DCA1B0D240261AA00025692 /* MovieGridViewController.swift in Sources */ = {isa = PBXBuildFile; fileRef = 6DCA1B0C240261AA00025692 /* MovieGridViewController.swift */; };
		6DCA1B0F24030FED00025692 /* MovieGridCell.swift in Sources */ = {isa = PBXBuildFile; fileRef = 6DCA1B0E24030FED00025692 /* MovieGridCell.swift */; };
		BDC6CDD52008364DDF9C34A7 /* libPods-Flix-FlixUITests.a in Frameworks */ = {isa = PBXBuildFile; fileRef = C5F46DD5BCD5FB3DF988B1B3 /* libPods-Flix-FlixUITests.a */; };
/* End PBXBuildFile section */

/* Begin PBXContainerItemProxy section */
		6D0E6F1323EF688100CDDCF4 /* PBXContainerItemProxy */ = {
			isa = PBXContainerItemProxy;
			containerPortal = 6D0E6EF423EF687D00CDDCF4 /* Project object */;
			proxyType = 1;
			remoteGlobalIDString = 6D0E6EFB23EF687D00CDDCF4;
			remoteInfo = Flix;
		};
		6D0E6F1E23EF688100CDDCF4 /* PBXContainerItemProxy */ = {
			isa = PBXContainerItemProxy;
			containerPortal = 6D0E6EF423EF687D00CDDCF4 /* Project object */;
			proxyType = 1;
			remoteGlobalIDString = 6D0E6EFB23EF687D00CDDCF4;
			remoteInfo = Flix;
		};
/* End PBXContainerItemProxy section */

/* Begin PBXFileReference section */
		237F3557DB6DBB2E1C871C41 /* libPods-Flix.a */ = {isa = PBXFileReference; explicitFileType = archive.ar; includeInIndex = 0; path = "libPods-Flix.a"; sourceTree = BUILT_PRODUCTS_DIR; };
		266B4A3DDDC96BE4B3F9ACFD /* Pods-Flix-FlixUITests.release.xcconfig */ = {isa = PBXFileReference; includeInIndex = 1; lastKnownFileType = text.xcconfig; name = "Pods-Flix-FlixUITests.release.xcconfig"; path = "Target Support Files/Pods-Flix-FlixUITests/Pods-Flix-FlixUITests.release.xcconfig"; sourceTree = "<group>"; };
		3A7D9ACF6C76204F7A186F06 /* Pods-Flix.release.xcconfig */ = {isa = PBXFileReference; includeInIndex = 1; lastKnownFileType = text.xcconfig; name = "Pods-Flix.release.xcconfig"; path = "Target Support Files/Pods-Flix/Pods-Flix.release.xcconfig"; sourceTree = "<group>"; };
		42FB5C5CACB627CE806E6CB1 /* Pods-FlixTests.release.xcconfig */ = {isa = PBXFileReference; includeInIndex = 1; lastKnownFileType = text.xcconfig; name = "Pods-FlixTests.release.xcconfig"; path = "Target Support Files/Pods-FlixTests/Pods-FlixTests.release.xcconfig"; sourceTree = "<group>"; };
		6D0E6EFC23EF687D00CDDCF4 /* Flix.app */ = {isa = PBXFileReference; explicitFileType = wrapper.application; includeInIndex = 0; path = Flix.app; sourceTree = BUILT_PRODUCTS_DIR; };
		6D0E6EFF23EF687D00CDDCF4 /* AppDelegate.swift */ = {isa = PBXFileReference; lastKnownFileType = sourcecode.swift; path = AppDelegate.swift; sourceTree = "<group>"; };
		6D0E6F0123EF687D00CDDCF4 /* SceneDelegate.swift */ = {isa = PBXFileReference; lastKnownFileType = sourcecode.swift; path = SceneDelegate.swift; sourceTree = "<group>"; };
		6D0E6F0623EF687D00CDDCF4 /* Base */ = {isa = PBXFileReference; lastKnownFileType = file.storyboard; name = Base; path = Base.lproj/Main.storyboard; sourceTree = "<group>"; };
		6D0E6F0823EF688100CDDCF4 /* Assets.xcassets */ = {isa = PBXFileReference; lastKnownFileType = folder.assetcatalog; path = Assets.xcassets; sourceTree = "<group>"; };
		6D0E6F0B23EF688100CDDCF4 /* Base */ = {isa = PBXFileReference; lastKnownFileType = file.storyboard; name = Base; path = Base.lproj/LaunchScreen.storyboard; sourceTree = "<group>"; };
		6D0E6F0D23EF688100CDDCF4 /* Info.plist */ = {isa = PBXFileReference; lastKnownFileType = text.plist.xml; path = Info.plist; sourceTree = "<group>"; };
		6D0E6F1223EF688100CDDCF4 /* FlixTests.xctest */ = {isa = PBXFileReference; explicitFileType = wrapper.cfbundle; includeInIndex = 0; path = FlixTests.xctest; sourceTree = BUILT_PRODUCTS_DIR; };
		6D0E6F1623EF688100CDDCF4 /* FlixTests.swift */ = {isa = PBXFileReference; lastKnownFileType = sourcecode.swift; path = FlixTests.swift; sourceTree = "<group>"; };
		6D0E6F1823EF688100CDDCF4 /* Info.plist */ = {isa = PBXFileReference; lastKnownFileType = text.plist.xml; path = Info.plist; sourceTree = "<group>"; };
		6D0E6F1D23EF688100CDDCF4 /* FlixUITests.xctest */ = {isa = PBXFileReference; explicitFileType = wrapper.cfbundle; includeInIndex = 0; path = FlixUITests.xctest; sourceTree = BUILT_PRODUCTS_DIR; };
		6D0E6F2123EF688100CDDCF4 /* FlixUITests.swift */ = {isa = PBXFileReference; lastKnownFileType = sourcecode.swift; path = FlixUITests.swift; sourceTree = "<group>"; };
		6D0E6F2323EF688100CDDCF4 /* Info.plist */ = {isa = PBXFileReference; lastKnownFileType = text.plist.xml; path = Info.plist; sourceTree = "<group>"; };
		6D0E6F2F23EF6C0800CDDCF4 /* MoviesViewController.swift */ = {isa = PBXFileReference; lastKnownFileType = sourcecode.swift; path = MoviesViewController.swift; sourceTree = "<group>"; };
		6D0E6F3123EF7A1400CDDCF4 /* MovieCell.swift */ = {isa = PBXFileReference; lastKnownFileType = sourcecode.swift; path = MovieCell.swift; sourceTree = "<group>"; };
		6DBF71EB24034BAA00337655 /* TrailerViewController.swift */ = {isa = PBXFileReference; lastKnownFileType = sourcecode.swift; path = TrailerViewController.swift; sourceTree = "<group>"; };
		6DCA1B0A2401043D00025692 /* MoviesDetailsViewController.swift */ = {isa = PBXFileReference; lastKnownFileType = sourcecode.swift; path = MoviesDetailsViewController.swift; sourceTree = "<group>"; };
		6DCA1B0C240261AA00025692 /* MovieGridViewController.swift */ = {isa = PBXFileReference; lastKnownFileType = sourcecode.swift; path = MovieGridViewController.swift; sourceTree = "<group>"; };
		6DCA1B0E24030FED00025692 /* MovieGridCell.swift */ = {isa = PBXFileReference; lastKnownFileType = sourcecode.swift; path = MovieGridCell.swift; sourceTree = "<group>"; };
		779417F32E6E82918B54D907 /* Pods-FlixTests.debug.xcconfig */ = {isa = PBXFileReference; includeInIndex = 1; lastKnownFileType = text.xcconfig; name = "Pods-FlixTests.debug.xcconfig"; path = "Target Support Files/Pods-FlixTests/Pods-FlixTests.debug.xcconfig"; sourceTree = "<group>"; };
		BE1FE456C91E124E65231877 /* Pods-Flix.debug.xcconfig */ = {isa = PBXFileReference; includeInIndex = 1; lastKnownFileType = text.xcconfig; name = "Pods-Flix.debug.xcconfig"; path = "Target Support Files/Pods-Flix/Pods-Flix.debug.xcconfig"; sourceTree = "<group>"; };
		C5DA61095F8D103E68A23717 /* Pods-Flix-FlixUITests.debug.xcconfig */ = {isa = PBXFileReference; includeInIndex = 1; lastKnownFileType = text.xcconfig; name = "Pods-Flix-FlixUITests.debug.xcconfig"; path = "Target Support Files/Pods-Flix-FlixUITests/Pods-Flix-FlixUITests.debug.xcconfig"; sourceTree = "<group>"; };
		C5F46DD5BCD5FB3DF988B1B3 /* libPods-Flix-FlixUITests.a */ = {isa = PBXFileReference; explicitFileType = archive.ar; includeInIndex = 0; path = "libPods-Flix-FlixUITests.a"; sourceTree = BUILT_PRODUCTS_DIR; };
		F477C779F9FC7DBD770F3081 /* libPods-FlixTests.a */ = {isa = PBXFileReference; explicitFileType = archive.ar; includeInIndex = 0; path = "libPods-FlixTests.a"; sourceTree = BUILT_PRODUCTS_DIR; };
/* End PBXFileReference section */

/* Begin PBXFrameworksBuildPhase section */
		6D0E6EF923EF687D00CDDCF4 /* Frameworks */ = {
			isa = PBXFrameworksBuildPhase;
			buildActionMask = 2147483647;
			files = (
				116D44510D4BEA55C4A62AEC /* libPods-Flix.a in Frameworks */,
			);
			runOnlyForDeploymentPostprocessing = 0;
		};
		6D0E6F0F23EF688100CDDCF4 /* Frameworks */ = {
			isa = PBXFrameworksBuildPhase;
			buildActionMask = 2147483647;
			files = (
				266B6965C6FE56C04E8B2E53 /* libPods-FlixTests.a in Frameworks */,
			);
			runOnlyForDeploymentPostprocessing = 0;
		};
		6D0E6F1A23EF688100CDDCF4 /* Frameworks */ = {
			isa = PBXFrameworksBuildPhase;
			buildActionMask = 2147483647;
			files = (
				BDC6CDD52008364DDF9C34A7 /* libPods-Flix-FlixUITests.a in Frameworks */,
			);
			runOnlyForDeploymentPostprocessing = 0;
		};
/* End PBXFrameworksBuildPhase section */

/* Begin PBXGroup section */
		08BC1D8A58D17396B4E7E020 /* Frameworks */ = {
			isa = PBXGroup;
			children = (
				237F3557DB6DBB2E1C871C41 /* libPods-Flix.a */,
				C5F46DD5BCD5FB3DF988B1B3 /* libPods-Flix-FlixUITests.a */,
				F477C779F9FC7DBD770F3081 /* libPods-FlixTests.a */,
			);
			name = Frameworks;
			sourceTree = "<group>";
		};
		6D0E6EF323EF687D00CDDCF4 = {
			isa = PBXGroup;
			children = (
				6D0E6EFE23EF687D00CDDCF4 /* Flix */,
				6D0E6F1523EF688100CDDCF4 /* FlixTests */,
				6D0E6F2023EF688100CDDCF4 /* FlixUITests */,
				6D0E6EFD23EF687D00CDDCF4 /* Products */,
				874728130F3BD69312B9D18E /* Pods */,
				08BC1D8A58D17396B4E7E020 /* Frameworks */,
			);
			sourceTree = "<group>";
		};
		6D0E6EFD23EF687D00CDDCF4 /* Products */ = {
			isa = PBXGroup;
			children = (
				6D0E6EFC23EF687D00CDDCF4 /* Flix.app */,
				6D0E6F1223EF688100CDDCF4 /* FlixTests.xctest */,
				6D0E6F1D23EF688100CDDCF4 /* FlixUITests.xctest */,
			);
			name = Products;
			sourceTree = "<group>";
		};
		6D0E6EFE23EF687D00CDDCF4 /* Flix */ = {
			isa = PBXGroup;
			children = (
				6D0E6EFF23EF687D00CDDCF4 /* AppDelegate.swift */,
				6D0E6F0123EF687D00CDDCF4 /* SceneDelegate.swift */,
				6D0E6F2F23EF6C0800CDDCF4 /* MoviesViewController.swift */,
				6D0E6F0523EF687D00CDDCF4 /* Main.storyboard */,
				6DBF71EB24034BAA00337655 /* TrailerViewController.swift */,
				6DCA1B0E24030FED00025692 /* MovieGridCell.swift */,
				6DCA1B0C240261AA00025692 /* MovieGridViewController.swift */,
				6DCA1B0A2401043D00025692 /* MoviesDetailsViewController.swift */,
				6D0E6F3123EF7A1400CDDCF4 /* MovieCell.swift */,
				6D0E6F0823EF688100CDDCF4 /* Assets.xcassets */,
				6D0E6F0A23EF688100CDDCF4 /* LaunchScreen.storyboard */,
				6D0E6F0D23EF688100CDDCF4 /* Info.plist */,
			);
			path = Flix;
			sourceTree = "<group>";
		};
		6D0E6F1523EF688100CDDCF4 /* FlixTests */ = {
			isa = PBXGroup;
			children = (
				6D0E6F1623EF688100CDDCF4 /* FlixTests.swift */,
				6D0E6F1823EF688100CDDCF4 /* Info.plist */,
			);
			path = FlixTests;
			sourceTree = "<group>";
		};
		6D0E6F2023EF688100CDDCF4 /* FlixUITests */ = {
			isa = PBXGroup;
			children = (
				6D0E6F2123EF688100CDDCF4 /* FlixUITests.swift */,
				6D0E6F2323EF688100CDDCF4 /* Info.plist */,
			);
			path = FlixUITests;
			sourceTree = "<group>";
		};
		874728130F3BD69312B9D18E /* Pods */ = {
			isa = PBXGroup;
			children = (
				BE1FE456C91E124E65231877 /* Pods-Flix.debug.xcconfig */,
				3A7D9ACF6C76204F7A186F06 /* Pods-Flix.release.xcconfig */,
				C5DA61095F8D103E68A23717 /* Pods-Flix-FlixUITests.debug.xcconfig */,
				266B4A3DDDC96BE4B3F9ACFD /* Pods-Flix-FlixUITests.release.xcconfig */,
				779417F32E6E82918B54D907 /* Pods-FlixTests.debug.xcconfig */,
				42FB5C5CACB627CE806E6CB1 /* Pods-FlixTests.release.xcconfig */,
			);
			path = Pods;
			sourceTree = "<group>";
		};
/* End PBXGroup section */

/* Begin PBXNativeTarget section */
		6D0E6EFB23EF687D00CDDCF4 /* Flix */ = {
			isa = PBXNativeTarget;
			buildConfigurationList = 6D0E6F2623EF688100CDDCF4 /* Build configuration list for PBXNativeTarget "Flix" */;
			buildPhases = (
				CC334A0F1CB018D9115DEFFC /* [CP] Check Pods Manifest.lock */,
				6D0E6EF823EF687D00CDDCF4 /* Sources */,
				6D0E6EF923EF687D00CDDCF4 /* Frameworks */,
				6D0E6EFA23EF687D00CDDCF4 /* Resources */,
			);
			buildRules = (
			);
			dependencies = (
			);
			name = Flix;
			productName = Flix;
			productReference = 6D0E6EFC23EF687D00CDDCF4 /* Flix.app */;
			productType = "com.apple.product-type.application";
		};
		6D0E6F1123EF688100CDDCF4 /* FlixTests */ = {
			isa = PBXNativeTarget;
			buildConfigurationList = 6D0E6F2923EF688100CDDCF4 /* Build configuration list for PBXNativeTarget "FlixTests" */;
			buildPhases = (
				CFACA1279E9E4724BC58A1F1 /* [CP] Check Pods Manifest.lock */,
				6D0E6F0E23EF688100CDDCF4 /* Sources */,
				6D0E6F0F23EF688100CDDCF4 /* Frameworks */,
				6D0E6F1023EF688100CDDCF4 /* Resources */,
			);
			buildRules = (
			);
			dependencies = (
				6D0E6F1423EF688100CDDCF4 /* PBXTargetDependency */,
			);
			name = FlixTests;
			productName = FlixTests;
			productReference = 6D0E6F1223EF688100CDDCF4 /* FlixTests.xctest */;
			productType = "com.apple.product-type.bundle.unit-test";
		};
		6D0E6F1C23EF688100CDDCF4 /* FlixUITests */ = {
			isa = PBXNativeTarget;
			buildConfigurationList = 6D0E6F2C23EF688100CDDCF4 /* Build configuration list for PBXNativeTarget "FlixUITests" */;
			buildPhases = (
				686C67D186481276CC5ACB61 /* [CP] Check Pods Manifest.lock */,
				6D0E6F1923EF688100CDDCF4 /* Sources */,
				6D0E6F1A23EF688100CDDCF4 /* Frameworks */,
				6D0E6F1B23EF688100CDDCF4 /* Resources */,
			);
			buildRules = (
			);
			dependencies = (
				6D0E6F1F23EF688100CDDCF4 /* PBXTargetDependency */,
			);
			name = FlixUITests;
			productName = FlixUITests;
			productReference = 6D0E6F1D23EF688100CDDCF4 /* FlixUITests.xctest */;
			productType = "com.apple.product-type.bundle.ui-testing";
		};
/* End PBXNativeTarget section */

/* Begin PBXProject section */
		6D0E6EF423EF687D00CDDCF4 /* Project object */ = {
			isa = PBXProject;
			attributes = {
				LastSwiftUpdateCheck = 1130;
				LastUpgradeCheck = 1130;
				ORGANIZATIONNAME = "Yao Yu";
				TargetAttributes = {
					6D0E6EFB23EF687D00CDDCF4 = {
						CreatedOnToolsVersion = 11.3.1;
					};
					6D0E6F1123EF688100CDDCF4 = {
						CreatedOnToolsVersion = 11.3.1;
						TestTargetID = 6D0E6EFB23EF687D00CDDCF4;
					};
					6D0E6F1C23EF688100CDDCF4 = {
						CreatedOnToolsVersion = 11.3.1;
						TestTargetID = 6D0E6EFB23EF687D00CDDCF4;
					};
				};
			};
			buildConfigurationList = 6D0E6EF723EF687D00CDDCF4 /* Build configuration list for PBXProject "Flix" */;
			compatibilityVersion = "Xcode 9.3";
			developmentRegion = en;
			hasScannedForEncodings = 0;
			knownRegions = (
				en,
				Base,
			);
			mainGroup = 6D0E6EF323EF687D00CDDCF4;
			productRefGroup = 6D0E6EFD23EF687D00CDDCF4 /* Products */;
			projectDirPath = "";
			projectRoot = "";
			targets = (
				6D0E6EFB23EF687D00CDDCF4 /* Flix */,
				6D0E6F1123EF688100CDDCF4 /* FlixTests */,
				6D0E6F1C23EF688100CDDCF4 /* FlixUITests */,
			);
		};
/* End PBXProject section */

/* Begin PBXResourcesBuildPhase section */
		6D0E6EFA23EF687D00CDDCF4 /* Resources */ = {
			isa = PBXResourcesBuildPhase;
			buildActionMask = 2147483647;
			files = (
				6D0E6F0C23EF688100CDDCF4 /* LaunchScreen.storyboard in Resources */,
				6D0E6F0923EF688100CDDCF4 /* Assets.xcassets in Resources */,
				6D0E6F0723EF687D00CDDCF4 /* Main.storyboard in Resources */,
			);
			runOnlyForDeploymentPostprocessing = 0;
		};
		6D0E6F1023EF688100CDDCF4 /* Resources */ = {
			isa = PBXResourcesBuildPhase;
			buildActionMask = 2147483647;
			files = (
			);
			runOnlyForDeploymentPostprocessing = 0;
		};
		6D0E6F1B23EF688100CDDCF4 /* Resources */ = {
			isa = PBXResourcesBuildPhase;
			buildActionMask = 2147483647;
			files = (
			);
			runOnlyForDeploymentPostprocessing = 0;
		};
/* End PBXResourcesBuildPhase section */

/* Begin PBXShellScriptBuildPhase section */
		686C67D186481276CC5ACB61 /* [CP] Check Pods Manifest.lock */ = {
			isa = PBXShellScriptBuildPhase;
			buildActionMask = 2147483647;
			files = (
			);
			inputFileListPaths = (
			);
			inputPaths = (
				"${PODS_PODFILE_DIR_PATH}/Podfile.lock",
				"${PODS_ROOT}/Manifest.lock",
			);
			name = "[CP] Check Pods Manifest.lock";
			outputFileListPaths = (
			);
			outputPaths = (
				"$(DERIVED_FILE_DIR)/Pods-Flix-FlixUITests-checkManifestLockResult.txt",
			);
			runOnlyForDeploymentPostprocessing = 0;
			shellPath = /bin/sh;
			shellScript = "diff \"${PODS_PODFILE_DIR_PATH}/Podfile.lock\" \"${PODS_ROOT}/Manifest.lock\" > /dev/null\nif [ $? != 0 ] ; then\n    # print error to STDERR\n    echo \"error: The sandbox is not in sync with the Podfile.lock. Run 'pod install' or update your CocoaPods installation.\" >&2\n    exit 1\nfi\n# This output is used by Xcode 'outputs' to avoid re-running this script phase.\necho \"SUCCESS\" > \"${SCRIPT_OUTPUT_FILE_0}\"\n";
			showEnvVarsInLog = 0;
		};
		CC334A0F1CB018D9115DEFFC /* [CP] Check Pods Manifest.lock */ = {
			isa = PBXShellScriptBuildPhase;
			buildActionMask = 2147483647;
			files = (
			);
			inputFileListPaths = (
			);
			inputPaths = (
				"${PODS_PODFILE_DIR_PATH}/Podfile.lock",
				"${PODS_ROOT}/Manifest.lock",
			);
			name = "[CP] Check Pods Manifest.lock";
			outputFileListPaths = (
			);
			outputPaths = (
				"$(DERIVED_FILE_DIR)/Pods-Flix-checkManifestLockResult.txt",
			);
			runOnlyForDeploymentPostprocessing = 0;
			shellPath = /bin/sh;
			shellScript = "diff \"${PODS_PODFILE_DIR_PATH}/Podfile.lock\" \"${PODS_ROOT}/Manifest.lock\" > /dev/null\nif [ $? != 0 ] ; then\n    # print error to STDERR\n    echo \"error: The sandbox is not in sync with the Podfile.lock. Run 'pod install' or update your CocoaPods installation.\" >&2\n    exit 1\nfi\n# This output is used by Xcode 'outputs' to avoid re-running this script phase.\necho \"SUCCESS\" > \"${SCRIPT_OUTPUT_FILE_0}\"\n";
			showEnvVarsInLog = 0;
		};
		CFACA1279E9E4724BC58A1F1 /* [CP] Check Pods Manifest.lock */ = {
			isa = PBXShellScriptBuildPhase;
			buildActionMask = 2147483647;
			files = (
			);
			inputFileListPaths = (
			);
			inputPaths = (
				"${PODS_PODFILE_DIR_PATH}/Podfile.lock",
				"${PODS_ROOT}/Manifest.lock",
			);
			name = "[CP] Check Pods Manifest.lock";
			outputFileListPaths = (
			);
			outputPaths = (
				"$(DERIVED_FILE_DIR)/Pods-FlixTests-checkManifestLockResult.txt",
			);
			runOnlyForDeploymentPostprocessing = 0;
			shellPath = /bin/sh;
			shellScript = "diff \"${PODS_PODFILE_DIR_PATH}/Podfile.lock\" \"${PODS_ROOT}/Manifest.lock\" > /dev/null\nif [ $? != 0 ] ; then\n    # print error to STDERR\n    echo \"error: The sandbox is not in sync with the Podfile.lock. Run 'pod install' or update your CocoaPods installation.\" >&2\n    exit 1\nfi\n# This output is used by Xcode 'outputs' to avoid re-running this script phase.\necho \"SUCCESS\" > \"${SCRIPT_OUTPUT_FILE_0}\"\n";
			showEnvVarsInLog = 0;
		};
/* End PBXShellScriptBuildPhase section */

/* Begin PBXSourcesBuildPhase section */
		6D0E6EF823EF687D00CDDCF4 /* Sources */ = {
			isa = PBXSourcesBuildPhase;
			buildActionMask = 2147483647;
			files = (
				6DBF71EC24034BAA00337655 /* TrailerViewController.swift in Sources */,
				6D0E6F0023EF687D00CDDCF4 /* AppDelegate.swift in Sources */,
				6D0E6F0223EF687D00CDDCF4 /* SceneDelegate.swift in Sources */,
				6D0E6F3223EF7A1400CDDCF4 /* MovieCell.swift in Sources */,
				6DCA1B0B2401043D00025692 /* MoviesDetailsViewController.swift in Sources */,
				6D0E6F3023EF6C0800CDDCF4 /* MoviesViewController.swift in Sources */,
				6DCA1B0D240261AA00025692 /* MovieGridViewController.swift in Sources */,
				6DCA1B0F24030FED00025692 /* MovieGridCell.swift in Sources */,
			);
			runOnlyForDeploymentPostprocessing = 0;
		};
		6D0E6F0E23EF688100CDDCF4 /* Sources */ = {
			isa = PBXSourcesBuildPhase;
			buildActionMask = 2147483647;
			files = (
				6D0E6F1723EF688100CDDCF4 /* FlixTests.swift in Sources */,
			);
			runOnlyForDeploymentPostprocessing = 0;
		};
		6D0E6F1923EF688100CDDCF4 /* Sources */ = {
			isa = PBXSourcesBuildPhase;
			buildActionMask = 2147483647;
			files = (
				6D0E6F2223EF688100CDDCF4 /* FlixUITests.swift in Sources */,
			);
			runOnlyForDeploymentPostprocessing = 0;
		};
/* End PBXSourcesBuildPhase section */

/* Begin PBXTargetDependency section */
		6D0E6F1423EF688100CDDCF4 /* PBXTargetDependency */ = {
			isa = PBXTargetDependency;
			target = 6D0E6EFB23EF687D00CDDCF4 /* Flix */;
			targetProxy = 6D0E6F1323EF688100CDDCF4 /* PBXContainerItemProxy */;
		};
		6D0E6F1F23EF688100CDDCF4 /* PBXTargetDependency */ = {
			isa = PBXTargetDependency;
			target = 6D0E6EFB23EF687D00CDDCF4 /* Flix */;
			targetProxy = 6D0E6F1E23EF688100CDDCF4 /* PBXContainerItemProxy */;
		};
/* End PBXTargetDependency section */

/* Begin PBXVariantGroup section */
		6D0E6F0523EF687D00CDDCF4 /* Main.storyboard */ = {
			isa = PBXVariantGroup;
			children = (
				6D0E6F0623EF687D00CDDCF4 /* Base */,
			);
			name = Main.storyboard;
			sourceTree = "<group>";
		};
		6D0E6F0A23EF688100CDDCF4 /* LaunchScreen.storyboard */ = {
			isa = PBXVariantGroup;
			children = (
				6D0E6F0B23EF688100CDDCF4 /* Base */,
			);
			name = LaunchScreen.storyboard;
			sourceTree = "<group>";
		};
/* End PBXVariantGroup section */

/* Begin XCBuildConfiguration section */
		6D0E6F2423EF688100CDDCF4 /* Debug */ = {
			isa = XCBuildConfiguration;
			buildSettings = {
				ALWAYS_SEARCH_USER_PATHS = NO;
				CLANG_ANALYZER_NONNULL = YES;
				CLANG_ANALYZER_NUMBER_OBJECT_CONVERSION = YES_AGGRESSIVE;
				CLANG_CXX_LANGUAGE_STANDARD = "gnu++14";
				CLANG_CXX_LIBRARY = "libc++";
				CLANG_ENABLE_MODULES = YES;
				CLANG_ENABLE_OBJC_ARC = YES;
				CLANG_ENABLE_OBJC_WEAK = YES;
				CLANG_WARN_BLOCK_CAPTURE_AUTORELEASING = YES;
				CLANG_WARN_BOOL_CONVERSION = YES;
				CLANG_WARN_COMMA = YES;
				CLANG_WARN_CONSTANT_CONVERSION = YES;
				CLANG_WARN_DEPRECATED_OBJC_IMPLEMENTATIONS = YES;
				CLANG_WARN_DIRECT_OBJC_ISA_USAGE = YES_ERROR;
				CLANG_WARN_DOCUMENTATION_COMMENTS = YES;
				CLANG_WARN_EMPTY_BODY = YES;
				CLANG_WARN_ENUM_CONVERSION = YES;
				CLANG_WARN_INFINITE_RECURSION = YES;
				CLANG_WARN_INT_CONVERSION = YES;
				CLANG_WARN_NON_LITERAL_NULL_CONVERSION = YES;
				CLANG_WARN_OBJC_IMPLICIT_RETAIN_SELF = YES;
				CLANG_WARN_OBJC_LITERAL_CONVERSION = YES;
				CLANG_WARN_OBJC_ROOT_CLASS = YES_ERROR;
				CLANG_WARN_RANGE_LOOP_ANALYSIS = YES;
				CLANG_WARN_STRICT_PROTOTYPES = YES;
				CLANG_WARN_SUSPICIOUS_MOVE = YES;
				CLANG_WARN_UNGUARDED_AVAILABILITY = YES_AGGRESSIVE;
				CLANG_WARN_UNREACHABLE_CODE = YES;
				CLANG_WARN__DUPLICATE_METHOD_MATCH = YES;
				COPY_PHASE_STRIP = NO;
				DEBUG_INFORMATION_FORMAT = dwarf;
				ENABLE_STRICT_OBJC_MSGSEND = YES;
				ENABLE_TESTABILITY = YES;
				GCC_C_LANGUAGE_STANDARD = gnu11;
				GCC_DYNAMIC_NO_PIC = NO;
				GCC_NO_COMMON_BLOCKS = YES;
				GCC_OPTIMIZATION_LEVEL = 0;
				GCC_PREPROCESSOR_DEFINITIONS = (
					"DEBUG=1",
					"$(inherited)",
				);
				GCC_WARN_64_TO_32_BIT_CONVERSION = YES;
				GCC_WARN_ABOUT_RETURN_TYPE = YES_ERROR;
				GCC_WARN_UNDECLARED_SELECTOR = YES;
				GCC_WARN_UNINITIALIZED_AUTOS = YES_AGGRESSIVE;
				GCC_WARN_UNUSED_FUNCTION = YES;
				GCC_WARN_UNUSED_VARIABLE = YES;
				IPHONEOS_DEPLOYMENT_TARGET = 13.2;
				MTL_ENABLE_DEBUG_INFO = INCLUDE_SOURCE;
				MTL_FAST_MATH = YES;
				ONLY_ACTIVE_ARCH = YES;
				SDKROOT = iphoneos;
				SWIFT_ACTIVE_COMPILATION_CONDITIONS = DEBUG;
				SWIFT_OPTIMIZATION_LEVEL = "-Onone";
			};
			name = Debug;
		};
		6D0E6F2523EF688100CDDCF4 /* Release */ = {
			isa = XCBuildConfiguration;
			buildSettings = {
				ALWAYS_SEARCH_USER_PATHS = NO;
				CLANG_ANALYZER_NONNULL = YES;
				CLANG_ANALYZER_NUMBER_OBJECT_CONVERSION = YES_AGGRESSIVE;
				CLANG_CXX_LANGUAGE_STANDARD = "gnu++14";
				CLANG_CXX_LIBRARY = "libc++";
				CLANG_ENABLE_MODULES = YES;
				CLANG_ENABLE_OBJC_ARC = YES;
				CLANG_ENABLE_OBJC_WEAK = YES;
				CLANG_WARN_BLOCK_CAPTURE_AUTORELEASING = YES;
				CLANG_WARN_BOOL_CONVERSION = YES;
				CLANG_WARN_COMMA = YES;
				CLANG_WARN_CONSTANT_CONVERSION = YES;
				CLANG_WARN_DEPRECATED_OBJC_IMPLEMENTATIONS = YES;
				CLANG_WARN_DIRECT_OBJC_ISA_USAGE = YES_ERROR;
				CLANG_WARN_DOCUMENTATION_COMMENTS = YES;
				CLANG_WARN_EMPTY_BODY = YES;
				CLANG_WARN_ENUM_CONVERSION = YES;
				CLANG_WARN_INFINITE_RECURSION = YES;
				CLANG_WARN_INT_CONVERSION = YES;
				CLANG_WARN_NON_LITERAL_NULL_CONVERSION = YES;
				CLANG_WARN_OBJC_IMPLICIT_RETAIN_SELF = YES;
				CLANG_WARN_OBJC_LITERAL_CONVERSION = YES;
				CLANG_WARN_OBJC_ROOT_CLASS = YES_ERROR;
				CLANG_WARN_RANGE_LOOP_ANALYSIS = YES;
				CLANG_WARN_STRICT_PROTOTYPES = YES;
				CLANG_WARN_SUSPICIOUS_MOVE = YES;
				CLANG_WARN_UNGUARDED_AVAILABILITY = YES_AGGRESSIVE;
				CLANG_WARN_UNREACHABLE_CODE = YES;
				CLANG_WARN__DUPLICATE_METHOD_MATCH = YES;
				COPY_PHASE_STRIP = NO;
				DEBUG_INFORMATION_FORMAT = "dwarf-with-dsym";
				ENABLE_NS_ASSERTIONS = NO;
				ENABLE_STRICT_OBJC_MSGSEND = YES;
				GCC_C_LANGUAGE_STANDARD = gnu11;
				GCC_NO_COMMON_BLOCKS = YES;
				GCC_WARN_64_TO_32_BIT_CONVERSION = YES;
				GCC_WARN_ABOUT_RETURN_TYPE = YES_ERROR;
				GCC_WARN_UNDECLARED_SELECTOR = YES;
				GCC_WARN_UNINITIALIZED_AUTOS = YES_AGGRESSIVE;
				GCC_WARN_UNUSED_FUNCTION = YES;
				GCC_WARN_UNUSED_VARIABLE = YES;
				IPHONEOS_DEPLOYMENT_TARGET = 13.2;
				MTL_ENABLE_DEBUG_INFO = NO;
				MTL_FAST_MATH = YES;
				SDKROOT = iphoneos;
				SWIFT_COMPILATION_MODE = wholemodule;
				SWIFT_OPTIMIZATION_LEVEL = "-O";
				VALIDATE_PRODUCT = YES;
			};
			name = Release;
		};
		6D0E6F2723EF688100CDDCF4 /* Debug */ = {
			isa = XCBuildConfiguration;
			baseConfigurationReference = BE1FE456C91E124E65231877 /* Pods-Flix.debug.xcconfig */;
			buildSettings = {
				ASSETCATALOG_COMPILER_APPICON_NAME = AppIcon;
				CODE_SIGN_STYLE = Automatic;
				DEVELOPMENT_TEAM = S9LQWD62BG;
				INFOPLIST_FILE = Flix/Info.plist;
				IPHONEOS_DEPLOYMENT_TARGET = 13.2;
				LD_RUNPATH_SEARCH_PATHS = (
					"$(inherited)",
					"@executable_path/Frameworks",
				);
				PRODUCT_BUNDLE_IDENTIFIER = com.yaoyu.Flix;
				PRODUCT_NAME = "$(TARGET_NAME)";
				SWIFT_VERSION = 5.0;
				TARGETED_DEVICE_FAMILY = "1,2";
			};
			name = Debug;
		};
		6D0E6F2823EF688100CDDCF4 /* Release */ = {
			isa = XCBuildConfiguration;
			baseConfigurationReference = 3A7D9ACF6C76204F7A186F06 /* Pods-Flix.release.xcconfig */;
			buildSettings = {
				ASSETCATALOG_COMPILER_APPICON_NAME = AppIcon;
				CODE_SIGN_STYLE = Automatic;
				DEVELOPMENT_TEAM = S9LQWD62BG;
				INFOPLIST_FILE = Flix/Info.plist;
				IPHONEOS_DEPLOYMENT_TARGET = 13.2;
				LD_RUNPATH_SEARCH_PATHS = (
					"$(inherited)",
					"@executable_path/Frameworks",
				);
				PRODUCT_BUNDLE_IDENTIFIER = com.yaoyu.Flix;
				PRODUCT_NAME = "$(TARGET_NAME)";
				SWIFT_VERSION = 5.0;
				TARGETED_DEVICE_FAMILY = "1,2";
			};
			name = Release;
		};
		6D0E6F2A23EF688100CDDCF4 /* Debug */ = {
			isa = XCBuildConfiguration;
			baseConfigurationReference = 779417F32E6E82918B54D907 /* Pods-FlixTests.debug.xcconfig */;
			buildSettings = {
				ALWAYS_EMBED_SWIFT_STANDARD_LIBRARIES = YES;
				BUNDLE_LOADER = "$(TEST_HOST)";
				CODE_SIGN_STYLE = Automatic;
				INFOPLIST_FILE = FlixTests/Info.plist;
				IPHONEOS_DEPLOYMENT_TARGET = 13.2;
				LD_RUNPATH_SEARCH_PATHS = (
					"$(inherited)",
					"@executable_path/Frameworks",
					"@loader_path/Frameworks",
				);
				PRODUCT_BUNDLE_IDENTIFIER = com.yaoyu.FlixTests;
				PRODUCT_NAME = "$(TARGET_NAME)";
				SWIFT_VERSION = 5.0;
				TARGETED_DEVICE_FAMILY = "1,2";
				TEST_HOST = "$(BUILT_PRODUCTS_DIR)/Flix.app/Flix";
			};
			name = Debug;
		};
		6D0E6F2B23EF688100CDDCF4 /* Release */ = {
			isa = XCBuildConfiguration;
			baseConfigurationReference = 42FB5C5CACB627CE806E6CB1 /* Pods-FlixTests.release.xcconfig */;
			buildSettings = {
				ALWAYS_EMBED_SWIFT_STANDARD_LIBRARIES = YES;
				BUNDLE_LOADER = "$(TEST_HOST)";
				CODE_SIGN_STYLE = Automatic;
				INFOPLIST_FILE = FlixTests/Info.plist;
				IPHONEOS_DEPLOYMENT_TARGET = 13.2;
				LD_RUNPATH_SEARCH_PATHS = (
					"$(inherited)",
					"@executable_path/Frameworks",
					"@loader_path/Frameworks",
				);
				PRODUCT_BUNDLE_IDENTIFIER = com.yaoyu.FlixTests;
				PRODUCT_NAME = "$(TARGET_NAME)";
				SWIFT_VERSION = 5.0;
				TARGETED_DEVICE_FAMILY = "1,2";
				TEST_HOST = "$(BUILT_PRODUCTS_DIR)/Flix.app/Flix";
			};
			name = Release;
		};
		6D0E6F2D23EF688100CDDCF4 /* Debug */ = {
			isa = XCBuildConfiguration;
			baseConfigurationReference = C5DA61095F8D103E68A23717 /* Pods-Flix-FlixUITests.debug.xcconfig */;
			buildSettings = {
				ALWAYS_EMBED_SWIFT_STANDARD_LIBRARIES = YES;
				CODE_SIGN_STYLE = Automatic;
				INFOPLIST_FILE = FlixUITests/Info.plist;
				LD_RUNPATH_SEARCH_PATHS = (
					"$(inherited)",
					"@executable_path/Frameworks",
					"@loader_path/Frameworks",
				);
				PRODUCT_BUNDLE_IDENTIFIER = com.yaoyu.FlixUITests;
				PRODUCT_NAME = "$(TARGET_NAME)";
				SWIFT_VERSION = 5.0;
				TARGETED_DEVICE_FAMILY = "1,2";
				TEST_TARGET_NAME = Flix;
			};
			name = Debug;
		};
		6D0E6F2E23EF688100CDDCF4 /* Release */ = {
			isa = XCBuildConfiguration;
			baseConfigurationReference = 266B4A3DDDC96BE4B3F9ACFD /* Pods-Flix-FlixUITests.release.xcconfig */;
			buildSettings = {
				ALWAYS_EMBED_SWIFT_STANDARD_LIBRARIES = YES;
				CODE_SIGN_STYLE = Automatic;
				INFOPLIST_FILE = FlixUITests/Info.plist;
				LD_RUNPATH_SEARCH_PATHS = (
					"$(inherited)",
					"@executable_path/Frameworks",
					"@loader_path/Frameworks",
				);
				PRODUCT_BUNDLE_IDENTIFIER = com.yaoyu.FlixUITests;
				PRODUCT_NAME = "$(TARGET_NAME)";
				SWIFT_VERSION = 5.0;
				TARGETED_DEVICE_FAMILY = "1,2";
				TEST_TARGET_NAME = Flix;
			};
			name = Release;
		};
/* End XCBuildConfiguration section */

/* Begin XCConfigurationList section */
		6D0E6EF723EF687D00CDDCF4 /* Build configuration list for PBXProject "Flix" */ = {
			isa = XCConfigurationList;
			buildConfigurations = (
				6D0E6F2423EF688100CDDCF4 /* Debug */,
				6D0E6F2523EF688100CDDCF4 /* Release */,
			);
			defaultConfigurationIsVisible = 0;
			defaultConfigurationName = Release;
		};
		6D0E6F2623EF688100CDDCF4 /* Build configuration list for PBXNativeTarget "Flix" */ = {
			isa = XCConfigurationList;
			buildConfigurations = (
				6D0E6F2723EF688100CDDCF4 /* Debug */,
				6D0E6F2823EF688100CDDCF4 /* Release */,
			);
			defaultConfigurationIsVisible = 0;
			defaultConfigurationName = Release;
		};
		6D0E6F2923EF688100CDDCF4 /* Build configuration list for PBXNativeTarget "FlixTests" */ = {
			isa = XCConfigurationList;
			buildConfigurations = (
				6D0E6F2A23EF688100CDDCF4 /* Debug */,
				6D0E6F2B23EF688100CDDCF4 /* Release */,
			);
			defaultConfigurationIsVisible = 0;
			defaultConfigurationName = Release;
		};
		6D0E6F2C23EF688100CDDCF4 /* Build configuration list for PBXNativeTarget "FlixUITests" */ = {
			isa = XCConfigurationList;
			buildConfigurations = (
				6D0E6F2D23EF688100CDDCF4 /* Debug */,
				6D0E6F2E23EF688100CDDCF4 /* Release */,
			);
			defaultConfigurationIsVisible = 0;
			defaultConfigurationName = Release;
		};
/* End XCConfigurationList section */
	};
	rootObject = 6D0E6EF423EF687D00CDDCF4 /* Project object */;
}
